
Microsoft Visual Studio Solution File, Format Version 12.00
# Visual Studio 15
VisualStudioVersion = 15.0.28307.539
MinimumVisualStudioVersion = 10.0.40219.1
Project("{FAE04EC0-301F-11D3-BF4B-00C04F79EFBC}") = "ProjetoBanco", "ProjetoBanco\ProjetoBanco.csproj", "{4A1769C1-6CBC-4BAF-BAAC-2AFF90F4FC49}"
EndProject
Global
	GlobalSection(SolutionConfigurationPlatforms) = preSolution
		Debug|Any CPU = Debug|Any CPU
		Release|Any CPU = Release|Any CPU
	EndGlobalSection
	GlobalSection(ProjectConfigurationPlatforms) = postSolution
		{4A1769C1-6CBC-4BAF-BAAC-2AFF90F4FC49}.Debug|Any CPU.ActiveCfg = Debug|Any CPU
		{4A1769C1-6CBC-4BAF-BAAC-2AFF90F4FC49}.Debug|Any CPU.Build.0 = Debug|Any CPU
		{4A1769C1-6CBC-4BAF-BAAC-2AFF90F4FC49}.Release|Any CPU.ActiveCfg = Release|Any CPU
		{4A1769C1-6CBC-4BAF-BAAC-2AFF90F4FC49}.Release|Any CPU.Build.0 = Release|Any CPU
	EndGlobalSection
	GlobalSection(SolutionProperties) = preSolution
		HideSolutionNode = FALSE
	EndGlobalSection
	GlobalSection(ExtensibilityGlobals) = postSolution
		SolutionGuid = {28EF80B1-B99C-486C-A7DD-F13DFDFD385C}
	EndGlobalSection
EndGlobal
