
Microsoft Visual Studio Solution File, Format Version 12.00
# Visual Studio 15
VisualStudioVersion = 15.0.28307.168
MinimumVisualStudioVersion = 10.0.40219.1
Project("{FAE04EC0-301F-11D3-BF4B-00C04F79EFBC}") = "MediaDuasNotas", "MediaDuasNotas\MediaDuasNotas.csproj", "{CFB7469D-3DBB-4B88-A426-E27976DC7621}"
EndProject
Global
	GlobalSection(SolutionConfigurationPlatforms) = preSolution
		Debug|Any CPU = Debug|Any CPU
		Release|Any CPU = Release|Any CPU
	EndGlobalSection
	GlobalSection(ProjectConfigurationPlatforms) = postSolution
		{CFB7469D-3DBB-4B88-A426-E27976DC7621}.Debug|Any CPU.ActiveCfg = Debug|Any CPU
		{CFB7469D-3DBB-4B88-A426-E27976DC7621}.Debug|Any CPU.Build.0 = Debug|Any CPU
		{CFB7469D-3DBB-4B88-A426-E27976DC7621}.Release|Any CPU.ActiveCfg = Release|Any CPU
		{CFB7469D-3DBB-4B88-A426-E27976DC7621}.Release|Any CPU.Build.0 = Release|Any CPU
	EndGlobalSection
	GlobalSection(SolutionProperties) = preSolution
		HideSolutionNode = FALSE
	EndGlobalSection
	GlobalSection(ExtensibilityGlobals) = postSolution
		SolutionGuid = {6122B20F-3DFD-4399-B2E5-8F300958230A}
	EndGlobalSection
EndGlobal
